// !$*UTF8*$!
{
	archiveVersion = 1;
	classes = {
	};
	objectVersion = 46;
	objects = {

/* Begin PBXBuildFile section */
		4B0445451ACB7C7E00BC3814 /* main.m in Sources */ = {isa = PBXBuildFile; fileRef = 4B0445441ACB7C7E00BC3814 /* main.m */; };
		4B0445481ACB7C7E00BC3814 /* AppDelegate.m in Sources */ = {isa = PBXBuildFile; fileRef = 4B0445471ACB7C7E00BC3814 /* AppDelegate.m */; };
		4B04454B1ACB7C7E00BC3814 /* WANDUHpix.xcdatamodeld in Sources */ = {isa = PBXBuildFile; fileRef = 4B0445491ACB7C7E00BC3814 /* WANDUHpix.xcdatamodeld */; };
		4B04454E1ACB7C7E00BC3814 /* ViewController.m in Sources */ = {isa = PBXBuildFile; fileRef = 4B04454D1ACB7C7E00BC3814 /* ViewController.m */; };
		4B0445511ACB7C7E00BC3814 /* Main.storyboard in Resources */ = {isa = PBXBuildFile; fileRef = 4B04454F1ACB7C7E00BC3814 /* Main.storyboard */; };
		4B0445561ACB7C7E00BC3814 /* LaunchScreen.xib in Resources */ = {isa = PBXBuildFile; fileRef = 4B0445541ACB7C7E00BC3814 /* LaunchScreen.xib */; };
		4B0445621ACB7C7E00BC3814 /* WANDUHpixTests.m in Sources */ = {isa = PBXBuildFile; fileRef = 4B0445611ACB7C7E00BC3814 /* WANDUHpixTests.m */; };
		4B04456C1ACB7D0500BC3814 /* Images.xcassets in Resources */ = {isa = PBXBuildFile; fileRef = 4B04456B1ACB7D0500BC3814 /* Images.xcassets */; };
		4B0445741ACC179000BC3814 /* libPixmobConnect-Public.a in Frameworks */ = {isa = PBXBuildFile; fileRef = 4B0445731ACC179000BC3814 /* libPixmobConnect-Public.a */; };
		4B04457C1ACC1CD700BC3814 /* CoreBluetooth.framework in Frameworks */ = {isa = PBXBuildFile; fileRef = 4B04457B1ACC1CD700BC3814 /* CoreBluetooth.framework */; };
		4B0445811ACC4DD900BC3814 /* SIOSocket.m in Sources */ = {isa = PBXBuildFile; fileRef = 4B04457F1ACC4DD900BC3814 /* SIOSocket.m */; };
/* End PBXBuildFile section */

/* Begin PBXContainerItemProxy section */
		4B04455C1ACB7C7E00BC3814 /* PBXContainerItemProxy */ = {
			isa = PBXContainerItemProxy;
			containerPortal = 4B0445371ACB7C7E00BC3814 /* Project object */;
			proxyType = 1;
			remoteGlobalIDString = 4B04453E1ACB7C7E00BC3814;
			remoteInfo = WANDUHpix;
		};
/* End PBXContainerItemProxy section */

/* Begin PBXFileReference section */
		4B04453F1ACB7C7E00BC3814 /* WANDUHpix.app */ = {isa = PBXFileReference; explicitFileType = wrapper.application; includeInIndex = 0; path = WANDUHpix.app; sourceTree = BUILT_PRODUCTS_DIR; };
		4B0445431ACB7C7E00BC3814 /* Info.plist */ = {isa = PBXFileReference; lastKnownFileType = text.plist.xml; path = Info.plist; sourceTree = "<group>"; };
		4B0445441ACB7C7E00BC3814 /* main.m */ = {isa = PBXFileReference; lastKnownFileType = sourcecode.c.objc; path = main.m; sourceTree = "<group>"; };
		4B0445461ACB7C7E00BC3814 /* AppDelegate.h */ = {isa = PBXFileReference; lastKnownFileType = sourcecode.c.h; path = AppDelegate.h; sourceTree = "<group>"; };
		4B0445471ACB7C7E00BC3814 /* AppDelegate.m */ = {isa = PBXFileReference; lastKnownFileType = sourcecode.c.objc; path = AppDelegate.m; sourceTree = "<group>"; };
		4B04454A1ACB7C7E00BC3814 /* WANDUHpix.xcdatamodel */ = {isa = PBXFileReference; lastKnownFileType = wrapper.xcdatamodel; path = WANDUHpix.xcdatamodel; sourceTree = "<group>"; };
		4B04454C1ACB7C7E00BC3814 /* ViewController.h */ = {isa = PBXFileReference; lastKnownFileType = sourcecode.c.h; path = ViewController.h; sourceTree = "<group>"; };
		4B04454D1ACB7C7E00BC3814 /* ViewController.m */ = {isa = PBXFileReference; lastKnownFileType = sourcecode.c.objc; path = ViewController.m; sourceTree = "<group>"; };
		4B0445501ACB7C7E00BC3814 /* Base */ = {isa = PBXFileReference; lastKnownFileType = file.storyboard; name = Base; path = Base.lproj/Main.storyboard; sourceTree = "<group>"; };
		4B0445551ACB7C7E00BC3814 /* Base */ = {isa = PBXFileReference; lastKnownFileType = file.xib; name = Base; path = Base.lproj/LaunchScreen.xib; sourceTree = "<group>"; };
		4B04455B1ACB7C7E00BC3814 /* WANDUHpixTests.xctest */ = {isa = PBXFileReference; explicitFileType = wrapper.cfbundle; includeInIndex = 0; path = WANDUHpixTests.xctest; sourceTree = BUILT_PRODUCTS_DIR; };
		4B0445601ACB7C7E00BC3814 /* Info.plist */ = {isa = PBXFileReference; lastKnownFileType = text.plist.xml; path = Info.plist; sourceTree = "<group>"; };
		4B0445611ACB7C7E00BC3814 /* WANDUHpixTests.m */ = {isa = PBXFileReference; lastKnownFileType = sourcecode.c.objc; path = WANDUHpixTests.m; sourceTree = "<group>"; };
		4B04456B1ACB7D0500BC3814 /* Images.xcassets */ = {isa = PBXFileReference; lastKnownFileType = folder.assetcatalog; path = Images.xcassets; sourceTree = "<group>"; };
		4B0445701ACB7E0000BC3814 /* PIXConnectController.h */ = {isa = PBXFileReference; fileEncoding = 4; lastKnownFileType = sourcecode.c.h; path = PIXConnectController.h; sourceTree = "<group>"; };
		4B0445711ACB7E0000BC3814 /* PIXConnectControlParameters.h */ = {isa = PBXFileReference; fileEncoding = 4; lastKnownFileType = sourcecode.c.h; path = PIXConnectControlParameters.h; sourceTree = "<group>"; };
		4B0445721ACB7E0000BC3814 /* PIXConnectPixel.h */ = {isa = PBXFileReference; fileEncoding = 4; lastKnownFileType = sourcecode.c.h; path = PIXConnectPixel.h; sourceTree = "<group>"; };
		4B0445731ACC179000BC3814 /* libPixmobConnect-Public.a */ = {isa = PBXFileReference; lastKnownFileType = archive.ar; path = "libPixmobConnect-Public.a"; sourceTree = "<group>"; };
		4B04457B1ACC1CD700BC3814 /* CoreBluetooth.framework */ = {isa = PBXFileReference; lastKnownFileType = wrapper.framework; name = CoreBluetooth.framework; path = System/Library/Frameworks/CoreBluetooth.framework; sourceTree = SDKROOT; };
		4B04457E1ACC4DD900BC3814 /* SIOSocket.h */ = {isa = PBXFileReference; fileEncoding = 4; lastKnownFileType = sourcecode.c.h; name = SIOSocket.h; path = "../SIOSocket-master/SocketIO/Source/SIOSocket.h"; sourceTree = "<group>"; };
		4B04457F1ACC4DD900BC3814 /* SIOSocket.m */ = {isa = PBXFileReference; fileEncoding = 4; lastKnownFileType = sourcecode.c.objc; name = SIOSocket.m; path = "../SIOSocket-master/SocketIO/Source/SIOSocket.m"; sourceTree = "<group>"; };
		4B0445801ACC4DD900BC3814 /* socket.io.js.h */ = {isa = PBXFileReference; fileEncoding = 4; lastKnownFileType = sourcecode.c.h; name = socket.io.js.h; path = "../SIOSocket-master/SocketIO/Source/socket.io.js.h"; sourceTree = "<group>"; };
/* End PBXFileReference section */

/* Begin PBXFrameworksBuildPhase section */
		4B04453C1ACB7C7E00BC3814 /* Frameworks */ = {
			isa = PBXFrameworksBuildPhase;
			buildActionMask = 2147483647;
			files = (
				4B04457C1ACC1CD700BC3814 /* CoreBluetooth.framework in Frameworks */,
				4B0445741ACC179000BC3814 /* libPixmobConnect-Public.a in Frameworks */,
			);
			runOnlyForDeploymentPostprocessing = 0;
		};
		4B0445581ACB7C7E00BC3814 /* Frameworks */ = {
			isa = PBXFrameworksBuildPhase;
			buildActionMask = 2147483647;
			files = (
			);
			runOnlyForDeploymentPostprocessing = 0;
		};
/* End PBXFrameworksBuildPhase section */

/* Begin PBXGroup section */
		4B0445361ACB7C7D00BC3814 = {
			isa = PBXGroup;
			children = (
				4B04457D1ACC4DB800BC3814 /* SIOSocket */,
				4B0445411ACB7C7E00BC3814 /* WANDUHpix */,
				4B04455E1ACB7C7E00BC3814 /* WANDUHpixTests */,
				4B04456D1ACB7DE100BC3814 /* Headers */,
				4B0445751ACC179E00BC3814 /* Frameworks */,
				4B0445401ACB7C7E00BC3814 /* Products */,
			);
			sourceTree = "<group>";
		};
		4B0445401ACB7C7E00BC3814 /* Products */ = {
			isa = PBXGroup;
			children = (
				4B04453F1ACB7C7E00BC3814 /* WANDUHpix.app */,
				4B04455B1ACB7C7E00BC3814 /* WANDUHpixTests.xctest */,
			);
			name = Products;
			sourceTree = "<group>";
		};
		4B0445411ACB7C7E00BC3814 /* WANDUHpix */ = {
			isa = PBXGroup;
			children = (
				4B04456B1ACB7D0500BC3814 /* Images.xcassets */,
				4B0445461ACB7C7E00BC3814 /* AppDelegate.h */,
				4B0445471ACB7C7E00BC3814 /* AppDelegate.m */,
				4B04454C1ACB7C7E00BC3814 /* ViewController.h */,
				4B04454D1ACB7C7E00BC3814 /* ViewController.m */,
				4B04454F1ACB7C7E00BC3814 /* Main.storyboard */,
				4B0445541ACB7C7E00BC3814 /* LaunchScreen.xib */,
				4B0445491ACB7C7E00BC3814 /* WANDUHpix.xcdatamodeld */,
				4B0445421ACB7C7E00BC3814 /* Supporting Files */,
			);
			path = WANDUHpix;
			sourceTree = "<group>";
		};
		4B0445421ACB7C7E00BC3814 /* Supporting Files */ = {
			isa = PBXGroup;
			children = (
				4B0445431ACB7C7E00BC3814 /* Info.plist */,
				4B0445441ACB7C7E00BC3814 /* main.m */,
			);
			name = "Supporting Files";
			sourceTree = "<group>";
		};
		4B04455E1ACB7C7E00BC3814 /* WANDUHpixTests */ = {
			isa = PBXGroup;
			children = (
				4B0445611ACB7C7E00BC3814 /* WANDUHpixTests.m */,
				4B04455F1ACB7C7E00BC3814 /* Supporting Files */,
			);
			path = WANDUHpixTests;
			sourceTree = "<group>";
		};
		4B04455F1ACB7C7E00BC3814 /* Supporting Files */ = {
			isa = PBXGroup;
			children = (
				4B0445601ACB7C7E00BC3814 /* Info.plist */,
			);
			name = "Supporting Files";
			sourceTree = "<group>";
		};
		4B04456D1ACB7DE100BC3814 /* Headers */ = {
			isa = PBXGroup;
			children = (
				4B04456F1ACB7E0000BC3814 /* PixmobConnect-Public */,
			);
			name = Headers;
			sourceTree = "<group>";
		};
		4B04456F1ACB7E0000BC3814 /* PixmobConnect-Public */ = {
			isa = PBXGroup;
			children = (
				4B0445701ACB7E0000BC3814 /* PIXConnectController.h */,
				4B0445711ACB7E0000BC3814 /* PIXConnectControlParameters.h */,
				4B0445721ACB7E0000BC3814 /* PIXConnectPixel.h */,
			);
			name = "PixmobConnect-Public";
			path = "Headers/PixmobConnect-Public";
			sourceTree = "<group>";
		};
		4B0445751ACC179E00BC3814 /* Frameworks */ = {
			isa = PBXGroup;
			children = (
				4B04457B1ACC1CD700BC3814 /* CoreBluetooth.framework */,
				4B0445731ACC179000BC3814 /* libPixmobConnect-Public.a */,
			);
			name = Frameworks;
			sourceTree = "<group>";
		};
		4B04457D1ACC4DB800BC3814 /* SIOSocket */ = {
			isa = PBXGroup;
			children = (
				4B04457E1ACC4DD900BC3814 /* SIOSocket.h */,
				4B04457F1ACC4DD900BC3814 /* SIOSocket.m */,
				4B0445801ACC4DD900BC3814 /* socket.io.js.h */,
			);
			name = SIOSocket;
			sourceTree = "<group>";
		};
/* End PBXGroup section */

/* Begin PBXNativeTarget section */
		4B04453E1ACB7C7E00BC3814 /* WANDUHpix */ = {
			isa = PBXNativeTarget;
			buildConfigurationList = 4B0445651ACB7C7E00BC3814 /* Build configuration list for PBXNativeTarget "WANDUHpix" */;
			buildPhases = (
				4B04453B1ACB7C7E00BC3814 /* Sources */,
				4B04453C1ACB7C7E00BC3814 /* Frameworks */,
				4B04453D1ACB7C7E00BC3814 /* Resources */,
			);
			buildRules = (
			);
			dependencies = (
			);
			name = WANDUHpix;
			productName = WANDUHpix;
			productReference = 4B04453F1ACB7C7E00BC3814 /* WANDUHpix.app */;
			productType = "com.apple.product-type.application";
		};
		4B04455A1ACB7C7E00BC3814 /* WANDUHpixTests */ = {
			isa = PBXNativeTarget;
			buildConfigurationList = 4B0445681ACB7C7E00BC3814 /* Build configuration list for PBXNativeTarget "WANDUHpixTests" */;
			buildPhases = (
				4B0445571ACB7C7E00BC3814 /* Sources */,
				4B0445581ACB7C7E00BC3814 /* Frameworks */,
				4B0445591ACB7C7E00BC3814 /* Resources */,
			);
			buildRules = (
			);
			dependencies = (
				4B04455D1ACB7C7E00BC3814 /* PBXTargetDependency */,
			);
			name = WANDUHpixTests;
			productName = WANDUHpixTests;
			productReference = 4B04455B1ACB7C7E00BC3814 /* WANDUHpixTests.xctest */;
			productType = "com.apple.product-type.bundle.unit-test";
		};
/* End PBXNativeTarget section */

/* Begin PBXProject section */
		4B0445371ACB7C7E00BC3814 /* Project object */ = {
			isa = PBXProject;
			attributes = {
				LastUpgradeCheck = 0610;
				ORGANIZATIONNAME = "Pat Starace";
				TargetAttributes = {
					4B04453E1ACB7C7E00BC3814 = {
						CreatedOnToolsVersion = 6.1;
						DevelopmentTeam = DEX8CZH42E;
					};
					4B04455A1ACB7C7E00BC3814 = {
						CreatedOnToolsVersion = 6.1;
						TestTargetID = 4B04453E1ACB7C7E00BC3814;
					};
				};
			};
			buildConfigurationList = 4B04453A1ACB7C7E00BC3814 /* Build configuration list for PBXProject "WANDUHpix" */;
			compatibilityVersion = "Xcode 3.2";
			developmentRegion = English;
			hasScannedForEncodings = 0;
			knownRegions = (
				en,
				Base,
			);
			mainGroup = 4B0445361ACB7C7D00BC3814;
			productRefGroup = 4B0445401ACB7C7E00BC3814 /* Products */;
			projectDirPath = "";
			projectRoot = "";
			targets = (
				4B04453E1ACB7C7E00BC3814 /* WANDUHpix */,
				4B04455A1ACB7C7E00BC3814 /* WANDUHpixTests */,
			);
		};
/* End PBXProject section */

/* Begin PBXResourcesBuildPhase section */
		4B04453D1ACB7C7E00BC3814 /* Resources */ = {
			isa = PBXResourcesBuildPhase;
			buildActionMask = 2147483647;
			files = (
				4B04456C1ACB7D0500BC3814 /* Images.xcassets in Resources */,
				4B0445511ACB7C7E00BC3814 /* Main.storyboard in Resources */,
				4B0445561ACB7C7E00BC3814 /* LaunchScreen.xib in Resources */,
			);
			runOnlyForDeploymentPostprocessing = 0;
		};
		4B0445591ACB7C7E00BC3814 /* Resources */ = {
			isa = PBXResourcesBuildPhase;
			buildActionMask = 2147483647;
			files = (
			);
			runOnlyForDeploymentPostprocessing = 0;
		};
/* End PBXResourcesBuildPhase section */

/* Begin PBXSourcesBuildPhase section */
		4B04453B1ACB7C7E00BC3814 /* Sources */ = {
			isa = PBXSourcesBuildPhase;
			buildActionMask = 2147483647;
			files = (
				4B0445481ACB7C7E00BC3814 /* AppDelegate.m in Sources */,
				4B04454B1ACB7C7E00BC3814 /* WANDUHpix.xcdatamodeld in Sources */,
				4B04454E1ACB7C7E00BC3814 /* ViewController.m in Sources */,
				4B0445811ACC4DD900BC3814 /* SIOSocket.m in Sources */,
				4B0445451ACB7C7E00BC3814 /* main.m in Sources */,
			);
			runOnlyForDeploymentPostprocessing = 0;
		};
		4B0445571ACB7C7E00BC3814 /* Sources */ = {
			isa = PBXSourcesBuildPhase;
			buildActionMask = 2147483647;
			files = (
				4B0445621ACB7C7E00BC3814 /* WANDUHpixTests.m in Sources */,
			);
			runOnlyForDeploymentPostprocessing = 0;
		};
/* End PBXSourcesBuildPhase section */

/* Begin PBXTargetDependency section */
		4B04455D1ACB7C7E00BC3814 /* PBXTargetDependency */ = {
			isa = PBXTargetDependency;
			target = 4B04453E1ACB7C7E00BC3814 /* WANDUHpix */;
			targetProxy = 4B04455C1ACB7C7E00BC3814 /* PBXContainerItemProxy */;
		};
/* End PBXTargetDependency section */

/* Begin PBXVariantGroup section */
		4B04454F1ACB7C7E00BC3814 /* Main.storyboard */ = {
			isa = PBXVariantGroup;
			children = (
				4B0445501ACB7C7E00BC3814 /* Base */,
			);
			name = Main.storyboard;
			sourceTree = "<group>";
		};
		4B0445541ACB7C7E00BC3814 /* LaunchScreen.xib */ = {
			isa = PBXVariantGroup;
			children = (
				4B0445551ACB7C7E00BC3814 /* Base */,
			);
			name = LaunchScreen.xib;
			sourceTree = "<group>";
		};
/* End PBXVariantGroup section */

/* Begin XCBuildConfiguration section */
		4B0445631ACB7C7E00BC3814 /* Debug */ = {
			isa = XCBuildConfiguration;
			buildSettings = {
				ALWAYS_SEARCH_USER_PATHS = NO;
				CLANG_CXX_LANGUAGE_STANDARD = "gnu++0x";
				CLANG_CXX_LIBRARY = "libc++";
				CLANG_ENABLE_MODULES = YES;
				CLANG_ENABLE_OBJC_ARC = YES;
				CLANG_WARN_BOOL_CONVERSION = YES;
				CLANG_WARN_CONSTANT_CONVERSION = YES;
				CLANG_WARN_DIRECT_OBJC_ISA_USAGE = YES_ERROR;
				CLANG_WARN_EMPTY_BODY = YES;
				CLANG_WARN_ENUM_CONVERSION = YES;
				CLANG_WARN_INT_CONVERSION = YES;
				CLANG_WARN_OBJC_ROOT_CLASS = YES_ERROR;
				CLANG_WARN_UNREACHABLE_CODE = YES;
				CLANG_WARN__DUPLICATE_METHOD_MATCH = YES;
				"CODE_SIGN_IDENTITY[sdk=iphoneos*]" = "iPhone Developer";
				COPY_PHASE_STRIP = NO;
				ENABLE_STRICT_OBJC_MSGSEND = YES;
				GCC_C_LANGUAGE_STANDARD = gnu99;
				GCC_DYNAMIC_NO_PIC = NO;
				GCC_OPTIMIZATION_LEVEL = 0;
				GCC_PREPROCESSOR_DEFINITIONS = (
					"DEBUG=1",
					"$(inherited)",
				);
				GCC_SYMBOLS_PRIVATE_EXTERN = NO;
				GCC_WARN_64_TO_32_BIT_CONVERSION = YES;
				GCC_WARN_ABOUT_RETURN_TYPE = YES_ERROR;
				GCC_WARN_UNDECLARED_SELECTOR = YES;
				GCC_WARN_UNINITIALIZED_AUTOS = YES_AGGRESSIVE;
				GCC_WARN_UNUSED_FUNCTION = YES;
				GCC_WARN_UNUSED_VARIABLE = YES;
				IPHONEOS_DEPLOYMENT_TARGET = 8.1;
				MTL_ENABLE_DEBUG_INFO = YES;
				ONLY_ACTIVE_ARCH = YES;
				PROVISIONING_PROFILE = "2445168f-c240-47dd-9207-2cc8124c45d4";
				SDKROOT = iphoneos;
			};
			name = Debug;
		};
		4B0445641ACB7C7E00BC3814 /* Release */ = {
			isa = XCBuildConfiguration;
			buildSettings = {
				ALWAYS_SEARCH_USER_PATHS = NO;
				CLANG_CXX_LANGUAGE_STANDARD = "gnu++0x";
				CLANG_CXX_LIBRARY = "libc++";
				CLANG_ENABLE_MODULES = YES;
				CLANG_ENABLE_OBJC_ARC = YES;
				CLANG_WARN_BOOL_CONVERSION = YES;
				CLANG_WARN_CONSTANT_CONVERSION = YES;
				CLANG_WARN_DIRECT_OBJC_ISA_USAGE = YES_ERROR;
				CLANG_WARN_EMPTY_BODY = YES;
				CLANG_WARN_ENUM_CONVERSION = YES;
				CLANG_WARN_INT_CONVERSION = YES;
				CLANG_WARN_OBJC_ROOT_CLASS = YES_ERROR;
				CLANG_WARN_UNREACHABLE_CODE = YES;
				CLANG_WARN__DUPLICATE_METHOD_MATCH = YES;
				CODE_SIGN_IDENTITY = "iPhone Distribution: Anthony Starace";
				"CODE_SIGN_IDENTITY[sdk=iphoneos*]" = "iPhone Distribution: Anthony Starace";
				COPY_PHASE_STRIP = YES;
				ENABLE_NS_ASSERTIONS = NO;
				ENABLE_STRICT_OBJC_MSGSEND = YES;
				GCC_C_LANGUAGE_STANDARD = gnu99;
				GCC_WARN_64_TO_32_BIT_CONVERSION = YES;
				GCC_WARN_ABOUT_RETURN_TYPE = YES_ERROR;
				GCC_WARN_UNDECLARED_SELECTOR = YES;
				GCC_WARN_UNINITIALIZED_AUTOS = YES_AGGRESSIVE;
				GCC_WARN_UNUSED_FUNCTION = YES;
				GCC_WARN_UNUSED_VARIABLE = YES;
				IPHONEOS_DEPLOYMENT_TARGET = 8.1;
				MTL_ENABLE_DEBUG_INFO = NO;
				PROVISIONING_PROFILE = "2445168f-c240-47dd-9207-2cc8124c45d4";
				SDKROOT = iphoneos;
				VALIDATE_PRODUCT = YES;
			};
			name = Release;
		};
		4B0445661ACB7C7E00BC3814 /* Debug */ = {
			isa = XCBuildConfiguration;
			buildSettings = {
				ASSETCATALOG_COMPILER_APPICON_NAME = AppIcon;
				CODE_SIGN_IDENTITY = "iPhone Developer";
				INFOPLIST_FILE = WANDUHpix/Info.plist;
				LD_RUNPATH_SEARCH_PATHS = "$(inherited) @executable_path/Frameworks";
				LIBRARY_SEARCH_PATHS = (
					"$(inherited)",
					"$(PROJECT_DIR)",
				);
				PRODUCT_NAME = "$(TARGET_NAME)";
				TARGETED_DEVICE_FAMILY = 1;
			};
			name = Debug;
		};
		4B0445671ACB7C7E00BC3814 /* Release */ = {
			isa = XCBuildConfiguration;
			buildSettings = {
				ASSETCATALOG_COMPILER_APPICON_NAME = AppIcon;
				CODE_SIGN_IDENTITY = "iPhone Developer";
				INFOPLIST_FILE = WANDUHpix/Info.plist;
				LD_RUNPATH_SEARCH_PATHS = "$(inherited) @executable_path/Frameworks";
				LIBRARY_SEARCH_PATHS = (
					"$(inherited)",
					"$(PROJECT_DIR)",
				);
				PRODUCT_NAME = "$(TARGET_NAME)";
				TARGETED_DEVICE_FAMILY = 1;
			};
			name = Release;
		};
		4B0445691ACB7C7E00BC3814 /* Debug */ = {
			isa = XCBuildConfiguration;
			buildSettings = {
				BUNDLE_LOADER = "$(TEST_HOST)";
				FRAMEWORK_SEARCH_PATHS = (
					"$(SDKROOT)/Developer/Library/Frameworks",
					"$(inherited)",
				);
				GCC_PREPROCESSOR_DEFINITIONS = (
					"DEBUG=1",
					"$(inherited)",
				);
				INFOPLIST_FILE = WANDUHpixTests/Info.plist;
				LD_RUNPATH_SEARCH_PATHS = "$(inherited) @executable_path/Frameworks @loader_path/Frameworks";
				PRODUCT_NAME = "$(TARGET_NAME)";
				TEST_HOST = "$(BUILT_PRODUCTS_DIR)/WANDUHpix.app/WANDUHpix";
			};
			name = Debug;
		};
		4B04456A1ACB7C7E00BC3814 /* Release */ = {
			isa = XCBuildConfiguration;
			buildSettings = {
				BUNDLE_LOADER = "$(TEST_HOST)";
				FRAMEWORK_SEARCH_PATHS = (
					"$(SDKROOT)/Developer/Library/Frameworks",
					"$(inherited)",
				);
				INFOPLIST_FILE = WANDUHpixTests/Info.plist;
				LD_RUNPATH_SEARCH_PATHS = "$(inherited) @executable_path/Frameworks @loader_path/Frameworks";
				PRODUCT_NAME = "$(TARGET_NAME)";
				TEST_HOST = "$(BUILT_PRODUCTS_DIR)/WANDUHpix.app/WANDUHpix";
			};
			name = Release;
		};
/* End XCBuildConfiguration section */

/* Begin XCConfigurationList section */
		4B04453A1ACB7C7E00BC3814 /* Build configuration list for PBXProject "WANDUHpix" */ = {
			isa = XCConfigurationList;
			buildConfigurations = (
				4B0445631ACB7C7E00BC3814 /* Debug */,
				4B0445641ACB7C7E00BC3814 /* Release */,
			);
			defaultConfigurationIsVisible = 0;
			defaultConfigurationName = Release;
		};
		4B0445651ACB7C7E00BC3814 /* Build configuration list for PBXNativeTarget "WANDUHpix" */ = {
			isa = XCConfigurationList;
			buildConfigurations = (
				4B0445661ACB7C7E00BC3814 /* Debug */,
				4B0445671ACB7C7E00BC3814 /* Release */,
			);
			defaultConfigurationIsVisible = 0;
		};
		4B0445681ACB7C7E00BC3814 /* Build configuration list for PBXNativeTarget "WANDUHpixTests" */ = {
			isa = XCConfigurationList;
			buildConfigurations = (
				4B0445691ACB7C7E00BC3814 /* Debug */,
				4B04456A1ACB7C7E00BC3814 /* Release */,
			);
			defaultConfigurationIsVisible = 0;
		};
/* End XCConfigurationList section */

/* Begin XCVersionGroup section */
		4B0445491ACB7C7E00BC3814 /* WANDUHpix.xcdatamodeld */ = {
			isa = XCVersionGroup;
			children = (
				4B04454A1ACB7C7E00BC3814 /* WANDUHpix.xcdatamodel */,
			);
			currentVersion = 4B04454A1ACB7C7E00BC3814 /* WANDUHpix.xcdatamodel */;
			path = WANDUHpix.xcdatamodeld;
			sourceTree = "<group>";
			versionGroupType = wrapper.xcdatamodel;
		};
/* End XCVersionGroup section */
	};
	rootObject = 4B0445371ACB7C7E00BC3814 /* Project object */;
}
